
Microsoft Visual Studio Solution File, Format Version 12.00
# Visual Studio 14
VisualStudioVersion = 14.0.25420.1
MinimumVisualStudioVersion = 10.0.40219.1
Project("{FAE04EC0-301F-11D3-BF4B-00C04F79EFBC}") = "Ninject.WebApi", "Ninject.WebApi\Ninject.WebApi.csproj", "{CEEBE8CF-25A7-4B94-A709-8824BB3D7B13}"
EndProject
Project("{FAE04EC0-301F-11D3-BF4B-00C04F79EFBC}") = "Ninject.WebApi.Core", "Ninject.WebApi.Core\Ninject.WebApi.Core.csproj", "{A1640296-ED24-4013-B50B-87DFF392B488}"
EndProject
Project("{FAE04EC0-301F-11D3-BF4B-00C04F79EFBC}") = "Ninject.WebApi.Data", "Ninject.WebApi.Data\Ninject.WebApi.Data.csproj", "{EAC83D18-6375-406C-B8C8-F8C3FB8B3351}"
EndProject
Global
	GlobalSection(SolutionConfigurationPlatforms) = preSolution
		Debug|Any CPU = Debug|Any CPU
		Release|Any CPU = Release|Any CPU
	EndGlobalSection
	GlobalSection(ProjectConfigurationPlatforms) = postSolution
		{CEEBE8CF-25A7-4B94-A709-8824BB3D7B13}.Debug|Any CPU.ActiveCfg = Debug|Any CPU
		{CEEBE8CF-25A7-4B94-A709-8824BB3D7B13}.Debug|Any CPU.Build.0 = Debug|Any CPU
		{CEEBE8CF-25A7-4B94-A709-8824BB3D7B13}.Release|Any CPU.ActiveCfg = Release|Any CPU
		{CEEBE8CF-25A7-4B94-A709-8824BB3D7B13}.Release|Any CPU.Build.0 = Release|Any CPU
		{A1640296-ED24-4013-B50B-87DFF392B488}.Debug|Any CPU.ActiveCfg = Debug|Any CPU
		{A1640296-ED24-4013-B50B-87DFF392B488}.Debug|Any CPU.Build.0 = Debug|Any CPU
		{A1640296-ED24-4013-B50B-87DFF392B488}.Release|Any CPU.ActiveCfg = Release|Any CPU
		{A1640296-ED24-4013-B50B-87DFF392B488}.Release|Any CPU.Build.0 = Release|Any CPU
		{EAC83D18-6375-406C-B8C8-F8C3FB8B3351}.Debug|Any CPU.ActiveCfg = Debug|Any CPU
		{EAC83D18-6375-406C-B8C8-F8C3FB8B3351}.Debug|Any CPU.Build.0 = Debug|Any CPU
		{EAC83D18-6375-406C-B8C8-F8C3FB8B3351}.Release|Any CPU.ActiveCfg = Release|Any CPU
		{EAC83D18-6375-406C-B8C8-F8C3FB8B3351}.Release|Any CPU.Build.0 = Release|Any CPU
	EndGlobalSection
	GlobalSection(SolutionProperties) = preSolution
		HideSolutionNode = FALSE
	EndGlobalSection
EndGlobal
